
Microsoft Visual Studio Solution File, Format Version 12.00
# Visual Studio Version 17
VisualStudioVersion = 17.11.35219.272
MinimumVisualStudioVersion = 10.0.40219.1
Project("{FAE04EC0-301F-11D3-BF4B-00C04F79EFBC}") = "FormIcerisindenFormAcmakVeMDIIslemleri", "FormIcerisindenFormAcmakVeMDIIslemleri\FormIcerisindenFormAcmakVeMDIIslemleri.csproj", "{B53B521C-B4A7-410C-A111-84DD330ECFE4}"
EndProject
Global
	GlobalSection(SolutionConfigurationPlatforms) = preSolution
		Debug|Any CPU = Debug|Any CPU
		Release|Any CPU = Release|Any CPU
	EndGlobalSection
	GlobalSection(ProjectConfigurationPlatforms) = postSolution
		{B53B521C-B4A7-410C-A111-84DD330ECFE4}.Debug|Any CPU.ActiveCfg = Debug|Any CPU
		{B53B521C-B4A7-410C-A111-84DD330ECFE4}.Debug|Any CPU.Build.0 = Debug|Any CPU
		{B53B521C-B4A7-410C-A111-84DD330ECFE4}.Release|Any CPU.ActiveCfg = Release|Any CPU
		{B53B521C-B4A7-410C-A111-84DD330ECFE4}.Release|Any CPU.Build.0 = Release|Any CPU
	EndGlobalSection
	GlobalSection(SolutionProperties) = preSolution
		HideSolutionNode = FALSE
	EndGlobalSection
	GlobalSection(ExtensibilityGlobals) = postSolution
		SolutionGuid = {1E9C7E0E-541A-4E90-9873-64C75913B3F4}
	EndGlobalSection
EndGlobal
