
Microsoft Visual Studio Solution File, Format Version 12.00
# Visual Studio Version 17
VisualStudioVersion = 17.8.34309.116
MinimumVisualStudioVersion = 10.0.40219.1
Project("{FAE04EC0-301F-11D3-BF4B-00C04F79EFBC}") = "WinFormsKontrolleri", "WinFormsKontrolleri\WinFormsKontrolleri.csproj", "{EAD5CC2D-17AD-464A-8D4D-F0301E2F81B6}"
EndProject
Global
	GlobalSection(SolutionConfigurationPlatforms) = preSolution
		Debug|Any CPU = Debug|Any CPU
		Release|Any CPU = Release|Any CPU
	EndGlobalSection
	GlobalSection(ProjectConfigurationPlatforms) = postSolution
		{EAD5CC2D-17AD-464A-8D4D-F0301E2F81B6}.Debug|Any CPU.ActiveCfg = Debug|Any CPU
		{EAD5CC2D-17AD-464A-8D4D-F0301E2F81B6}.Debug|Any CPU.Build.0 = Debug|Any CPU
		{EAD5CC2D-17AD-464A-8D4D-F0301E2F81B6}.Release|Any CPU.ActiveCfg = Release|Any CPU
		{EAD5CC2D-17AD-464A-8D4D-F0301E2F81B6}.Release|Any CPU.Build.0 = Release|Any CPU
	EndGlobalSection
	GlobalSection(SolutionProperties) = preSolution
		HideSolutionNode = FALSE
	EndGlobalSection
	GlobalSection(ExtensibilityGlobals) = postSolution
		SolutionGuid = {D0CCBD44-CEEA-4F71-A337-C7987377840B}
	EndGlobalSection
EndGlobal
