
Microsoft Visual Studio Solution File, Format Version 12.00
# Visual Studio Version 17
VisualStudioVersion = 17.11.35219.272
MinimumVisualStudioVersion = 10.0.40219.1
Project("{FAE04EC0-301F-11D3-BF4B-00C04F79EFBC}") = "NorthWindWindowsApp", "NorthWindWindowsApp\NorthWindWindowsApp.csproj", "{0D365D38-D24B-4A0F-9478-09B7D4538EB9}"
EndProject
Global
	GlobalSection(SolutionConfigurationPlatforms) = preSolution
		Debug|Any CPU = Debug|Any CPU
		Release|Any CPU = Release|Any CPU
	EndGlobalSection
	GlobalSection(ProjectConfigurationPlatforms) = postSolution
		{0D365D38-D24B-4A0F-9478-09B7D4538EB9}.Debug|Any CPU.ActiveCfg = Debug|Any CPU
		{0D365D38-D24B-4A0F-9478-09B7D4538EB9}.Debug|Any CPU.Build.0 = Debug|Any CPU
		{0D365D38-D24B-4A0F-9478-09B7D4538EB9}.Release|Any CPU.ActiveCfg = Release|Any CPU
		{0D365D38-D24B-4A0F-9478-09B7D4538EB9}.Release|Any CPU.Build.0 = Release|Any CPU
	EndGlobalSection
	GlobalSection(SolutionProperties) = preSolution
		HideSolutionNode = FALSE
	EndGlobalSection
	GlobalSection(ExtensibilityGlobals) = postSolution
		SolutionGuid = {7CCFEEDA-6C32-4AA1-A43D-EA8B21523662}
	EndGlobalSection
EndGlobal
