
Microsoft Visual Studio Solution File, Format Version 12.00
# Visual Studio Version 17
VisualStudioVersion = 17.10.34928.147
MinimumVisualStudioVersion = 10.0.40219.1
Project("{FAE04EC0-301F-11D3-BF4B-00C04F79EFBC}") = "Kalitim", "Kalitim\Kalitim.csproj", "{A3CFA4CD-B321-4481-B110-20E7E835C8E1}"
EndProject
Global
	GlobalSection(SolutionConfigurationPlatforms) = preSolution
		Debug|Any CPU = Debug|Any CPU
		Release|Any CPU = Release|Any CPU
	EndGlobalSection
	GlobalSection(ProjectConfigurationPlatforms) = postSolution
		{A3CFA4CD-B321-4481-B110-20E7E835C8E1}.Debug|Any CPU.ActiveCfg = Debug|Any CPU
		{A3CFA4CD-B321-4481-B110-20E7E835C8E1}.Debug|Any CPU.Build.0 = Debug|Any CPU
		{A3CFA4CD-B321-4481-B110-20E7E835C8E1}.Release|Any CPU.ActiveCfg = Release|Any CPU
		{A3CFA4CD-B321-4481-B110-20E7E835C8E1}.Release|Any CPU.Build.0 = Release|Any CPU
	EndGlobalSection
	GlobalSection(SolutionProperties) = preSolution
		HideSolutionNode = FALSE
	EndGlobalSection
	GlobalSection(ExtensibilityGlobals) = postSolution
		SolutionGuid = {843AE90B-F57C-4845-BD62-34BE4CE91CDB}
	EndGlobalSection
EndGlobal
