
Microsoft Visual Studio Solution File, Format Version 12.00
# Visual Studio Version 17
VisualStudioVersion = 17.11.35219.272
MinimumVisualStudioVersion = 10.0.40219.1
Project("{FAE04EC0-301F-11D3-BF4B-00C04F79EFBC}") = "KullaniciGirisi", "KullaniciGirisi\KullaniciGirisi.csproj", "{1915040A-C6B2-4E15-8284-2752A47C1F22}"
EndProject
Global
	GlobalSection(SolutionConfigurationPlatforms) = preSolution
		Debug|Any CPU = Debug|Any CPU
		Release|Any CPU = Release|Any CPU
	EndGlobalSection
	GlobalSection(ProjectConfigurationPlatforms) = postSolution
		{1915040A-C6B2-4E15-8284-2752A47C1F22}.Debug|Any CPU.ActiveCfg = Debug|Any CPU
		{1915040A-C6B2-4E15-8284-2752A47C1F22}.Debug|Any CPU.Build.0 = Debug|Any CPU
		{1915040A-C6B2-4E15-8284-2752A47C1F22}.Release|Any CPU.ActiveCfg = Release|Any CPU
		{1915040A-C6B2-4E15-8284-2752A47C1F22}.Release|Any CPU.Build.0 = Release|Any CPU
	EndGlobalSection
	GlobalSection(SolutionProperties) = preSolution
		HideSolutionNode = FALSE
	EndGlobalSection
	GlobalSection(ExtensibilityGlobals) = postSolution
		SolutionGuid = {05721F42-208C-4EB6-B09C-7A8AB70C0BA7}
	EndGlobalSection
EndGlobal
