
Microsoft Visual Studio Solution File, Format Version 12.00
# Visual Studio Version 17
VisualStudioVersion = 17.11.35219.272
MinimumVisualStudioVersion = 10.0.40219.1
Project("{FAE04EC0-301F-11D3-BF4B-00C04F79EFBC}") = "SerializationNedir", "SerializationNedir\SerializationNedir.csproj", "{8F599A47-010F-42ED-8C69-A3C267DF1686}"
EndProject
Global
	GlobalSection(SolutionConfigurationPlatforms) = preSolution
		Debug|Any CPU = Debug|Any CPU
		Release|Any CPU = Release|Any CPU
	EndGlobalSection
	GlobalSection(ProjectConfigurationPlatforms) = postSolution
		{8F599A47-010F-42ED-8C69-A3C267DF1686}.Debug|Any CPU.ActiveCfg = Debug|Any CPU
		{8F599A47-010F-42ED-8C69-A3C267DF1686}.Debug|Any CPU.Build.0 = Debug|Any CPU
		{8F599A47-010F-42ED-8C69-A3C267DF1686}.Release|Any CPU.ActiveCfg = Release|Any CPU
		{8F599A47-010F-42ED-8C69-A3C267DF1686}.Release|Any CPU.Build.0 = Release|Any CPU
	EndGlobalSection
	GlobalSection(SolutionProperties) = preSolution
		HideSolutionNode = FALSE
	EndGlobalSection
	GlobalSection(ExtensibilityGlobals) = postSolution
		SolutionGuid = {C05BB093-2BFE-4A67-B3D4-330013232605}
	EndGlobalSection
EndGlobal
