
Microsoft Visual Studio Solution File, Format Version 12.00
# Visual Studio Version 17
VisualStudioVersion = 17.7.34031.279
MinimumVisualStudioVersion = 10.0.40219.1
Project("{FAE04EC0-301F-11D3-BF4B-00C04F79EFBC}") = "OdevMiniHesapMakinesi", "OdevMiniHesapMakinesi\OdevMiniHesapMakinesi.csproj", "{A854C73E-6778-4584-A664-348D602235BE}"
EndProject
Global
	GlobalSection(SolutionConfigurationPlatforms) = preSolution
		Debug|Any CPU = Debug|Any CPU
		Release|Any CPU = Release|Any CPU
	EndGlobalSection
	GlobalSection(ProjectConfigurationPlatforms) = postSolution
		{A854C73E-6778-4584-A664-348D602235BE}.Debug|Any CPU.ActiveCfg = Debug|Any CPU
		{A854C73E-6778-4584-A664-348D602235BE}.Debug|Any CPU.Build.0 = Debug|Any CPU
		{A854C73E-6778-4584-A664-348D602235BE}.Release|Any CPU.ActiveCfg = Release|Any CPU
		{A854C73E-6778-4584-A664-348D602235BE}.Release|Any CPU.Build.0 = Release|Any CPU
	EndGlobalSection
	GlobalSection(SolutionProperties) = preSolution
		HideSolutionNode = FALSE
	EndGlobalSection
	GlobalSection(ExtensibilityGlobals) = postSolution
		SolutionGuid = {2772C63C-C650-479B-9785-4B8535EAF517}
	EndGlobalSection
EndGlobal
