
Microsoft Visual Studio Solution File, Format Version 12.00
# Visual Studio Version 17
VisualStudioVersion = 17.8.34330.188
MinimumVisualStudioVersion = 10.0.40219.1
Project("{FAE04EC0-301F-11D3-BF4B-00C04F79EFBC}") = "MetotlarOdev", "MetotlarOdev\MetotlarOdev.csproj", "{6DFDFBB5-1FFC-4FDF-9FC6-E424E99B243B}"
EndProject
Global
	GlobalSection(SolutionConfigurationPlatforms) = preSolution
		Debug|Any CPU = Debug|Any CPU
		Release|Any CPU = Release|Any CPU
	EndGlobalSection
	GlobalSection(ProjectConfigurationPlatforms) = postSolution
		{6DFDFBB5-1FFC-4FDF-9FC6-E424E99B243B}.Debug|Any CPU.ActiveCfg = Debug|Any CPU
		{6DFDFBB5-1FFC-4FDF-9FC6-E424E99B243B}.Debug|Any CPU.Build.0 = Debug|Any CPU
		{6DFDFBB5-1FFC-4FDF-9FC6-E424E99B243B}.Release|Any CPU.ActiveCfg = Release|Any CPU
		{6DFDFBB5-1FFC-4FDF-9FC6-E424E99B243B}.Release|Any CPU.Build.0 = Release|Any CPU
	EndGlobalSection
	GlobalSection(SolutionProperties) = preSolution
		HideSolutionNode = FALSE
	EndGlobalSection
	GlobalSection(ExtensibilityGlobals) = postSolution
		SolutionGuid = {072596DC-565D-4E94-8852-56026973DC52}
	EndGlobalSection
EndGlobal
