
Microsoft Visual Studio Solution File, Format Version 12.00
# Visual Studio Version 17
VisualStudioVersion = 17.11.35219.272
MinimumVisualStudioVersion = 10.0.40219.1
Project("{FAE04EC0-301F-11D3-BF4B-00C04F79EFBC}") = "JsonSerialization", "JsonSerialization\JsonSerialization.csproj", "{DE31C142-95A6-44DC-A1F0-77DF493EF1B0}"
EndProject
Global
	GlobalSection(SolutionConfigurationPlatforms) = preSolution
		Debug|Any CPU = Debug|Any CPU
		Release|Any CPU = Release|Any CPU
	EndGlobalSection
	GlobalSection(ProjectConfigurationPlatforms) = postSolution
		{DE31C142-95A6-44DC-A1F0-77DF493EF1B0}.Debug|Any CPU.ActiveCfg = Debug|Any CPU
		{DE31C142-95A6-44DC-A1F0-77DF493EF1B0}.Debug|Any CPU.Build.0 = Debug|Any CPU
		{DE31C142-95A6-44DC-A1F0-77DF493EF1B0}.Release|Any CPU.ActiveCfg = Release|Any CPU
		{DE31C142-95A6-44DC-A1F0-77DF493EF1B0}.Release|Any CPU.Build.0 = Release|Any CPU
	EndGlobalSection
	GlobalSection(SolutionProperties) = preSolution
		HideSolutionNode = FALSE
	EndGlobalSection
	GlobalSection(ExtensibilityGlobals) = postSolution
		SolutionGuid = {74855F26-8C27-4EC3-9E5D-8424D6C58577}
	EndGlobalSection
EndGlobal
