
Microsoft Visual Studio Solution File, Format Version 12.00
# Visual Studio Version 17
VisualStudioVersion = 17.7.34024.191
MinimumVisualStudioVersion = 10.0.40219.1
Project("{FAE04EC0-301F-11D3-BF4B-00C04F79EFBC}") = "DegiskenTanimlama", "DegiskenTanimlama\DegiskenTanimlama.csproj", "{EC9D400C-4C17-41FF-8C6D-0DF086F87F46}"
EndProject
Global
	GlobalSection(SolutionConfigurationPlatforms) = preSolution
		Debug|Any CPU = Debug|Any CPU
		Release|Any CPU = Release|Any CPU
	EndGlobalSection
	GlobalSection(ProjectConfigurationPlatforms) = postSolution
		{EC9D400C-4C17-41FF-8C6D-0DF086F87F46}.Debug|Any CPU.ActiveCfg = Debug|Any CPU
		{EC9D400C-4C17-41FF-8C6D-0DF086F87F46}.Debug|Any CPU.Build.0 = Debug|Any CPU
		{EC9D400C-4C17-41FF-8C6D-0DF086F87F46}.Release|Any CPU.ActiveCfg = Release|Any CPU
		{EC9D400C-4C17-41FF-8C6D-0DF086F87F46}.Release|Any CPU.Build.0 = Release|Any CPU
	EndGlobalSection
	GlobalSection(SolutionProperties) = preSolution
		HideSolutionNode = FALSE
	EndGlobalSection
	GlobalSection(ExtensibilityGlobals) = postSolution
		SolutionGuid = {E9BFF60D-64EB-4E72-895B-65400CCBB595}
	EndGlobalSection
EndGlobal
