
Microsoft Visual Studio Solution File, Format Version 12.00
# Visual Studio Version 17
VisualStudioVersion = 17.10.34928.147
MinimumVisualStudioVersion = 10.0.40219.1
Project("{FAE04EC0-301F-11D3-BF4B-00C04F79EFBC}") = "ButtonKontrolu", "ButtonKontrolu\ButtonKontrolu.csproj", "{D9DDCC0C-38C1-49A2-B5E6-A7BAEA67A09D}"
EndProject
Global
	GlobalSection(SolutionConfigurationPlatforms) = preSolution
		Debug|Any CPU = Debug|Any CPU
		Release|Any CPU = Release|Any CPU
	EndGlobalSection
	GlobalSection(ProjectConfigurationPlatforms) = postSolution
		{D9DDCC0C-38C1-49A2-B5E6-A7BAEA67A09D}.Debug|Any CPU.ActiveCfg = Debug|Any CPU
		{D9DDCC0C-38C1-49A2-B5E6-A7BAEA67A09D}.Debug|Any CPU.Build.0 = Debug|Any CPU
		{D9DDCC0C-38C1-49A2-B5E6-A7BAEA67A09D}.Release|Any CPU.ActiveCfg = Release|Any CPU
		{D9DDCC0C-38C1-49A2-B5E6-A7BAEA67A09D}.Release|Any CPU.Build.0 = Release|Any CPU
	EndGlobalSection
	GlobalSection(SolutionProperties) = preSolution
		HideSolutionNode = FALSE
	EndGlobalSection
	GlobalSection(ExtensibilityGlobals) = postSolution
		SolutionGuid = {0ECC58F1-A39F-45DD-800C-4C1D91D84C84}
	EndGlobalSection
EndGlobal
