
Microsoft Visual Studio Solution File, Format Version 12.00
# Visual Studio Version 17
VisualStudioVersion = 17.11.35219.272
MinimumVisualStudioVersion = 10.0.40219.1
Project("{FAE04EC0-301F-11D3-BF4B-00C04F79EFBC}") = "EntityModelIleKatmanliMimari", "EntityModelIleKatmanliMimari\EntityModelIleKatmanliMimari.csproj", "{564B2D38-BCEE-4258-9FD7-9F6BB452CCF9}"
EndProject
Project("{FAE04EC0-301F-11D3-BF4B-00C04F79EFBC}") = "VeriErisimKatmani", "VeriErisimKatmani\VeriErisimKatmani.csproj", "{5BF7C221-B27D-4E46-ADF4-2FF3DC9D9F9E}"
EndProject
Global
	GlobalSection(SolutionConfigurationPlatforms) = preSolution
		Debug|Any CPU = Debug|Any CPU
		Release|Any CPU = Release|Any CPU
	EndGlobalSection
	GlobalSection(ProjectConfigurationPlatforms) = postSolution
		{564B2D38-BCEE-4258-9FD7-9F6BB452CCF9}.Debug|Any CPU.ActiveCfg = Debug|Any CPU
		{564B2D38-BCEE-4258-9FD7-9F6BB452CCF9}.Debug|Any CPU.Build.0 = Debug|Any CPU
		{564B2D38-BCEE-4258-9FD7-9F6BB452CCF9}.Release|Any CPU.ActiveCfg = Release|Any CPU
		{564B2D38-BCEE-4258-9FD7-9F6BB452CCF9}.Release|Any CPU.Build.0 = Release|Any CPU
		{5BF7C221-B27D-4E46-ADF4-2FF3DC9D9F9E}.Debug|Any CPU.ActiveCfg = Debug|Any CPU
		{5BF7C221-B27D-4E46-ADF4-2FF3DC9D9F9E}.Debug|Any CPU.Build.0 = Debug|Any CPU
		{5BF7C221-B27D-4E46-ADF4-2FF3DC9D9F9E}.Release|Any CPU.ActiveCfg = Release|Any CPU
		{5BF7C221-B27D-4E46-ADF4-2FF3DC9D9F9E}.Release|Any CPU.Build.0 = Release|Any CPU
	EndGlobalSection
	GlobalSection(SolutionProperties) = preSolution
		HideSolutionNode = FALSE
	EndGlobalSection
	GlobalSection(ExtensibilityGlobals) = postSolution
		SolutionGuid = {67A45166-1F8D-4BB4-A5F2-0502977FC8DE}
	EndGlobalSection
EndGlobal
