
Microsoft Visual Studio Solution File, Format Version 12.00
# Visual Studio Version 17
VisualStudioVersion = 17.7.34031.279
MinimumVisualStudioVersion = 10.0.40219.1
Project("{FAE04EC0-301F-11D3-BF4B-00C04F79EFBC}") = "KullaniciGirisUygulamasi", "KullaniciGirisUygulamasi\KullaniciGirisUygulamasi.csproj", "{D0261164-0987-4676-83C7-B7C173F8A449}"
EndProject
Global
	GlobalSection(SolutionConfigurationPlatforms) = preSolution
		Debug|Any CPU = Debug|Any CPU
		Release|Any CPU = Release|Any CPU
	EndGlobalSection
	GlobalSection(ProjectConfigurationPlatforms) = postSolution
		{D0261164-0987-4676-83C7-B7C173F8A449}.Debug|Any CPU.ActiveCfg = Debug|Any CPU
		{D0261164-0987-4676-83C7-B7C173F8A449}.Debug|Any CPU.Build.0 = Debug|Any CPU
		{D0261164-0987-4676-83C7-B7C173F8A449}.Release|Any CPU.ActiveCfg = Release|Any CPU
		{D0261164-0987-4676-83C7-B7C173F8A449}.Release|Any CPU.Build.0 = Release|Any CPU
	EndGlobalSection
	GlobalSection(SolutionProperties) = preSolution
		HideSolutionNode = FALSE
	EndGlobalSection
	GlobalSection(ExtensibilityGlobals) = postSolution
		SolutionGuid = {1DAEA046-5CA6-4084-BD92-2E9BCECFCA6D}
	EndGlobalSection
EndGlobal
