
Microsoft Visual Studio Solution File, Format Version 12.00
# Visual Studio Version 17
VisualStudioVersion = 17.7.34024.191
MinimumVisualStudioVersion = 10.0.40219.1
Project("{FAE04EC0-301F-11D3-BF4B-00C04F79EFBC}") = "TurDonusumleri", "TurDonusumleri\TurDonusumleri.csproj", "{EC3360D8-ED0E-47A3-8329-FF38E2DA545C}"
EndProject
Global
	GlobalSection(SolutionConfigurationPlatforms) = preSolution
		Debug|Any CPU = Debug|Any CPU
		Release|Any CPU = Release|Any CPU
	EndGlobalSection
	GlobalSection(ProjectConfigurationPlatforms) = postSolution
		{EC3360D8-ED0E-47A3-8329-FF38E2DA545C}.Debug|Any CPU.ActiveCfg = Debug|Any CPU
		{EC3360D8-ED0E-47A3-8329-FF38E2DA545C}.Debug|Any CPU.Build.0 = Debug|Any CPU
		{EC3360D8-ED0E-47A3-8329-FF38E2DA545C}.Release|Any CPU.ActiveCfg = Release|Any CPU
		{EC3360D8-ED0E-47A3-8329-FF38E2DA545C}.Release|Any CPU.Build.0 = Release|Any CPU
	EndGlobalSection
	GlobalSection(SolutionProperties) = preSolution
		HideSolutionNode = FALSE
	EndGlobalSection
	GlobalSection(ExtensibilityGlobals) = postSolution
		SolutionGuid = {C6248944-18EC-4096-85D9-B2E2E76655A2}
	EndGlobalSection
EndGlobal
