
Microsoft Visual Studio Solution File, Format Version 12.00
# Visual Studio Version 17
VisualStudioVersion = 17.11.35219.272
MinimumVisualStudioVersion = 10.0.40219.1
Project("{FAE04EC0-301F-11D3-BF4B-00C04F79EFBC}") = "TechLib", "TechLib\TechLib.csproj", "{4FE8F2EF-6DC9-4C86-BCED-B6224EBE1A3B}"
EndProject
Global
	GlobalSection(SolutionConfigurationPlatforms) = preSolution
		Debug|Any CPU = Debug|Any CPU
		Release|Any CPU = Release|Any CPU
	EndGlobalSection
	GlobalSection(ProjectConfigurationPlatforms) = postSolution
		{4FE8F2EF-6DC9-4C86-BCED-B6224EBE1A3B}.Debug|Any CPU.ActiveCfg = Debug|Any CPU
		{4FE8F2EF-6DC9-4C86-BCED-B6224EBE1A3B}.Debug|Any CPU.Build.0 = Debug|Any CPU
		{4FE8F2EF-6DC9-4C86-BCED-B6224EBE1A3B}.Release|Any CPU.ActiveCfg = Release|Any CPU
		{4FE8F2EF-6DC9-4C86-BCED-B6224EBE1A3B}.Release|Any CPU.Build.0 = Release|Any CPU
	EndGlobalSection
	GlobalSection(SolutionProperties) = preSolution
		HideSolutionNode = FALSE
	EndGlobalSection
	GlobalSection(ExtensibilityGlobals) = postSolution
		SolutionGuid = {188B104E-637C-4BA3-A60F-9967090044FE}
	EndGlobalSection
EndGlobal
