
Microsoft Visual Studio Solution File, Format Version 12.00
# Visual Studio Version 17
VisualStudioVersion = 17.7.34031.279
MinimumVisualStudioVersion = 10.0.40219.1
Project("{FAE04EC0-301F-11D3-BF4B-00C04F79EFBC}") = "Donguler", "Donguler\Donguler.csproj", "{555C7A14-DB33-405F-9511-12E249E3FB0C}"
EndProject
Global
	GlobalSection(SolutionConfigurationPlatforms) = preSolution
		Debug|Any CPU = Debug|Any CPU
		Release|Any CPU = Release|Any CPU
	EndGlobalSection
	GlobalSection(ProjectConfigurationPlatforms) = postSolution
		{555C7A14-DB33-405F-9511-12E249E3FB0C}.Debug|Any CPU.ActiveCfg = Debug|Any CPU
		{555C7A14-DB33-405F-9511-12E249E3FB0C}.Debug|Any CPU.Build.0 = Debug|Any CPU
		{555C7A14-DB33-405F-9511-12E249E3FB0C}.Release|Any CPU.ActiveCfg = Release|Any CPU
		{555C7A14-DB33-405F-9511-12E249E3FB0C}.Release|Any CPU.Build.0 = Release|Any CPU
	EndGlobalSection
	GlobalSection(SolutionProperties) = preSolution
		HideSolutionNode = FALSE
	EndGlobalSection
	GlobalSection(ExtensibilityGlobals) = postSolution
		SolutionGuid = {316F0A7C-A8B0-4B76-B72E-592656748C17}
	EndGlobalSection
EndGlobal
