
Microsoft Visual Studio Solution File, Format Version 12.00
# Visual Studio Version 17
VisualStudioVersion = 17.8.34309.116
MinimumVisualStudioVersion = 10.0.40219.1
Project("{FAE04EC0-301F-11D3-BF4B-00C04F79EFBC}") = "NesneYonelimliProgramlamaKutuphane", "NesneYonelimliProgramlamaKutuphane\NesneYonelimliProgramlamaKutuphane.csproj", "{D9D4D75E-6EA4-4643-B129-6101F941E006}"
EndProject
Global
	GlobalSection(SolutionConfigurationPlatforms) = preSolution
		Debug|Any CPU = Debug|Any CPU
		Release|Any CPU = Release|Any CPU
	EndGlobalSection
	GlobalSection(ProjectConfigurationPlatforms) = postSolution
		{D9D4D75E-6EA4-4643-B129-6101F941E006}.Debug|Any CPU.ActiveCfg = Debug|Any CPU
		{D9D4D75E-6EA4-4643-B129-6101F941E006}.Debug|Any CPU.Build.0 = Debug|Any CPU
		{D9D4D75E-6EA4-4643-B129-6101F941E006}.Release|Any CPU.ActiveCfg = Release|Any CPU
		{D9D4D75E-6EA4-4643-B129-6101F941E006}.Release|Any CPU.Build.0 = Release|Any CPU
	EndGlobalSection
	GlobalSection(SolutionProperties) = preSolution
		HideSolutionNode = FALSE
	EndGlobalSection
	GlobalSection(ExtensibilityGlobals) = postSolution
		SolutionGuid = {C92D9CC3-420F-49AC-91B7-35D03423F258}
	EndGlobalSection
EndGlobal
