
Microsoft Visual Studio Solution File, Format Version 12.00
# Visual Studio Version 17
VisualStudioVersion = 17.13.35806.99 d17.13
MinimumVisualStudioVersion = 10.0.40219.1
Project("{FAE04EC0-301F-11D3-BF4B-00C04F79EFBC}") = "AdoIleGelismisDuzen(aed)", "AdoIleGelismisDuzen(aed)\AdoIleGelismisDuzen(aed).csproj", "{FD035115-C2E5-4C62-A829-C1F875AF2CD3}"
EndProject
Global
	GlobalSection(SolutionConfigurationPlatforms) = preSolution
		Debug|Any CPU = Debug|Any CPU
		Release|Any CPU = Release|Any CPU
	EndGlobalSection
	GlobalSection(ProjectConfigurationPlatforms) = postSolution
		{FD035115-C2E5-4C62-A829-C1F875AF2CD3}.Debug|Any CPU.ActiveCfg = Debug|Any CPU
		{FD035115-C2E5-4C62-A829-C1F875AF2CD3}.Debug|Any CPU.Build.0 = Debug|Any CPU
		{FD035115-C2E5-4C62-A829-C1F875AF2CD3}.Release|Any CPU.ActiveCfg = Release|Any CPU
		{FD035115-C2E5-4C62-A829-C1F875AF2CD3}.Release|Any CPU.Build.0 = Release|Any CPU
	EndGlobalSection
	GlobalSection(SolutionProperties) = preSolution
		HideSolutionNode = FALSE
	EndGlobalSection
	GlobalSection(ExtensibilityGlobals) = postSolution
		SolutionGuid = {6CFBD62E-BAD1-4950-A95B-9AA503B45AFA}
	EndGlobalSection
EndGlobal
