
Microsoft Visual Studio Solution File, Format Version 12.00
# Visual Studio Version 17
VisualStudioVersion = 17.12.35514.174
MinimumVisualStudioVersion = 10.0.40219.1
Project("{FAE04EC0-301F-11D3-BF4B-00C04F79EFBC}") = "KoMatKutuphane", "KoMatKutuphane\KoMatKutuphane.csproj", "{DADB3F5F-5470-4EF8-AEF4-52EE8538D748}"
EndProject
Project("{FAE04EC0-301F-11D3-BF4B-00C04F79EFBC}") = "veriErisimKatmani", "veriErisimKatmani\veriErisimKatmani.csproj", "{4296D813-6BA4-4EE8-974A-6D73AAD3E2B4}"
EndProject
Global
	GlobalSection(SolutionConfigurationPlatforms) = preSolution
		Debug|Any CPU = Debug|Any CPU
		Release|Any CPU = Release|Any CPU
	EndGlobalSection
	GlobalSection(ProjectConfigurationPlatforms) = postSolution
		{DADB3F5F-5470-4EF8-AEF4-52EE8538D748}.Debug|Any CPU.ActiveCfg = Debug|Any CPU
		{DADB3F5F-5470-4EF8-AEF4-52EE8538D748}.Debug|Any CPU.Build.0 = Debug|Any CPU
		{DADB3F5F-5470-4EF8-AEF4-52EE8538D748}.Release|Any CPU.ActiveCfg = Release|Any CPU
		{DADB3F5F-5470-4EF8-AEF4-52EE8538D748}.Release|Any CPU.Build.0 = Release|Any CPU
		{4296D813-6BA4-4EE8-974A-6D73AAD3E2B4}.Debug|Any CPU.ActiveCfg = Debug|Any CPU
		{4296D813-6BA4-4EE8-974A-6D73AAD3E2B4}.Debug|Any CPU.Build.0 = Debug|Any CPU
		{4296D813-6BA4-4EE8-974A-6D73AAD3E2B4}.Release|Any CPU.ActiveCfg = Release|Any CPU
		{4296D813-6BA4-4EE8-974A-6D73AAD3E2B4}.Release|Any CPU.Build.0 = Release|Any CPU
	EndGlobalSection
	GlobalSection(SolutionProperties) = preSolution
		HideSolutionNode = FALSE
	EndGlobalSection
EndGlobal
