
Microsoft Visual Studio Solution File, Format Version 12.00
# Visual Studio Version 17
VisualStudioVersion = 17.8.34330.188
MinimumVisualStudioVersion = 10.0.40219.1
Project("{FAE04EC0-301F-11D3-BF4B-00C04F79EFBC}") = "Koleksiyonlar", "Koleksiyonlar\Koleksiyonlar.csproj", "{43C02478-C717-4203-A547-8DA4BAAB6007}"
EndProject
Global
	GlobalSection(SolutionConfigurationPlatforms) = preSolution
		Debug|Any CPU = Debug|Any CPU
		Release|Any CPU = Release|Any CPU
	EndGlobalSection
	GlobalSection(ProjectConfigurationPlatforms) = postSolution
		{43C02478-C717-4203-A547-8DA4BAAB6007}.Debug|Any CPU.ActiveCfg = Debug|Any CPU
		{43C02478-C717-4203-A547-8DA4BAAB6007}.Debug|Any CPU.Build.0 = Debug|Any CPU
		{43C02478-C717-4203-A547-8DA4BAAB6007}.Release|Any CPU.ActiveCfg = Release|Any CPU
		{43C02478-C717-4203-A547-8DA4BAAB6007}.Release|Any CPU.Build.0 = Release|Any CPU
	EndGlobalSection
	GlobalSection(SolutionProperties) = preSolution
		HideSolutionNode = FALSE
	EndGlobalSection
	GlobalSection(ExtensibilityGlobals) = postSolution
		SolutionGuid = {4BB3DB20-74F9-46DB-9DA0-F9F14AF91999}
	EndGlobalSection
EndGlobal
