
Microsoft Visual Studio Solution File, Format Version 12.00
# Visual Studio Version 17
VisualStudioVersion = 17.7.34221.43
MinimumVisualStudioVersion = 10.0.40219.1
Project("{FAE04EC0-301F-11D3-BF4B-00C04F79EFBC}") = "ErdalBakkal", "ErdalBakkal\ErdalBakkal.csproj", "{58B74EEE-B2F2-4D77-919A-DAE4118CB773}"
EndProject
Global
	GlobalSection(SolutionConfigurationPlatforms) = preSolution
		Debug|Any CPU = Debug|Any CPU
		Release|Any CPU = Release|Any CPU
	EndGlobalSection
	GlobalSection(ProjectConfigurationPlatforms) = postSolution
		{58B74EEE-B2F2-4D77-919A-DAE4118CB773}.Debug|Any CPU.ActiveCfg = Debug|Any CPU
		{58B74EEE-B2F2-4D77-919A-DAE4118CB773}.Debug|Any CPU.Build.0 = Debug|Any CPU
		{58B74EEE-B2F2-4D77-919A-DAE4118CB773}.Release|Any CPU.ActiveCfg = Release|Any CPU
		{58B74EEE-B2F2-4D77-919A-DAE4118CB773}.Release|Any CPU.Build.0 = Release|Any CPU
	EndGlobalSection
	GlobalSection(SolutionProperties) = preSolution
		HideSolutionNode = FALSE
	EndGlobalSection
	GlobalSection(ExtensibilityGlobals) = postSolution
		SolutionGuid = {9877A2F2-DB52-4629-9303-622438E29EE5}
	EndGlobalSection
EndGlobal
