
Microsoft Visual Studio Solution File, Format Version 12.00
# Visual Studio Version 17
VisualStudioVersion = 17.14.36301.6 d17.14
MinimumVisualStudioVersion = 10.0.40219.1
Project("{FAE04EC0-301F-11D3-BF4B-00C04F79EFBC}") = "NorthWNDapp.API", "NorthWNDapp.API\NorthWNDapp.API.csproj", "{8A46FD50-B482-4B26-8E64-E90EA695837E}"
EndProject
Project("{FAE04EC0-301F-11D3-BF4B-00C04F79EFBC}") = "NorthWNDapp.Domain", "NorthWNDapp.Domain\NorthWNDapp.Domain.csproj", "{B8B914E0-EFC6-4FB4-8C05-E1E4FEC8D6F4}"
EndProject
Global
	GlobalSection(SolutionConfigurationPlatforms) = preSolution
		Debug|Any CPU = Debug|Any CPU
		Release|Any CPU = Release|Any CPU
	EndGlobalSection
	GlobalSection(ProjectConfigurationPlatforms) = postSolution
		{8A46FD50-B482-4B26-8E64-E90EA695837E}.Debug|Any CPU.ActiveCfg = Debug|Any CPU
		{8A46FD50-B482-4B26-8E64-E90EA695837E}.Debug|Any CPU.Build.0 = Debug|Any CPU
		{8A46FD50-B482-4B26-8E64-E90EA695837E}.Release|Any CPU.ActiveCfg = Release|Any CPU
		{8A46FD50-B482-4B26-8E64-E90EA695837E}.Release|Any CPU.Build.0 = Release|Any CPU
		{B8B914E0-EFC6-4FB4-8C05-E1E4FEC8D6F4}.Debug|Any CPU.ActiveCfg = Debug|Any CPU
		{B8B914E0-EFC6-4FB4-8C05-E1E4FEC8D6F4}.Debug|Any CPU.Build.0 = Debug|Any CPU
		{B8B914E0-EFC6-4FB4-8C05-E1E4FEC8D6F4}.Release|Any CPU.ActiveCfg = Release|Any CPU
		{B8B914E0-EFC6-4FB4-8C05-E1E4FEC8D6F4}.Release|Any CPU.Build.0 = Release|Any CPU
	EndGlobalSection
	GlobalSection(SolutionProperties) = preSolution
		HideSolutionNode = FALSE
	EndGlobalSection
	GlobalSection(ExtensibilityGlobals) = postSolution
		SolutionGuid = {426D1DD3-DCBE-43E6-A87F-6B6A4F6071B4}
	EndGlobalSection
EndGlobal
