
Microsoft Visual Studio Solution File, Format Version 12.00
# Visual Studio Version 17
VisualStudioVersion = 17.11.35219.272
MinimumVisualStudioVersion = 10.0.40219.1
Project("{FAE04EC0-301F-11D3-BF4B-00C04F79EFBC}") = "MenuKullanimi", "MenuKullanimi\MenuKullanimi.csproj", "{4A383B2C-CBB8-4335-8A0B-5BA8A33927E1}"
EndProject
Global
	GlobalSection(SolutionConfigurationPlatforms) = preSolution
		Debug|Any CPU = Debug|Any CPU
		Release|Any CPU = Release|Any CPU
	EndGlobalSection
	GlobalSection(ProjectConfigurationPlatforms) = postSolution
		{4A383B2C-CBB8-4335-8A0B-5BA8A33927E1}.Debug|Any CPU.ActiveCfg = Debug|Any CPU
		{4A383B2C-CBB8-4335-8A0B-5BA8A33927E1}.Debug|Any CPU.Build.0 = Debug|Any CPU
		{4A383B2C-CBB8-4335-8A0B-5BA8A33927E1}.Release|Any CPU.ActiveCfg = Release|Any CPU
		{4A383B2C-CBB8-4335-8A0B-5BA8A33927E1}.Release|Any CPU.Build.0 = Release|Any CPU
	EndGlobalSection
	GlobalSection(SolutionProperties) = preSolution
		HideSolutionNode = FALSE
	EndGlobalSection
	GlobalSection(ExtensibilityGlobals) = postSolution
		SolutionGuid = {A803A5CC-D828-449B-A207-0C18E6776463}
	EndGlobalSection
EndGlobal
