
Microsoft Visual Studio Solution File, Format Version 12.00
# Visual Studio Version 17
VisualStudioVersion = 17.11.35327.3
MinimumVisualStudioVersion = 10.0.40219.1
Project("{FAE04EC0-301F-11D3-BF4B-00C04F79EFBC}") = "LinQKullanimi", "LinQKullanimi\LinQKullanimi.csproj", "{09969C96-5E8A-442D-9C67-4A119FE9FBFC}"
EndProject
Global
	GlobalSection(SolutionConfigurationPlatforms) = preSolution
		Debug|Any CPU = Debug|Any CPU
		Release|Any CPU = Release|Any CPU
	EndGlobalSection
	GlobalSection(ProjectConfigurationPlatforms) = postSolution
		{09969C96-5E8A-442D-9C67-4A119FE9FBFC}.Debug|Any CPU.ActiveCfg = Debug|Any CPU
		{09969C96-5E8A-442D-9C67-4A119FE9FBFC}.Debug|Any CPU.Build.0 = Debug|Any CPU
		{09969C96-5E8A-442D-9C67-4A119FE9FBFC}.Release|Any CPU.ActiveCfg = Release|Any CPU
		{09969C96-5E8A-442D-9C67-4A119FE9FBFC}.Release|Any CPU.Build.0 = Release|Any CPU
	EndGlobalSection
	GlobalSection(SolutionProperties) = preSolution
		HideSolutionNode = FALSE
	EndGlobalSection
	GlobalSection(ExtensibilityGlobals) = postSolution
		SolutionGuid = {92B163E9-1C35-4239-91F0-3D636775055F}
	EndGlobalSection
EndGlobal
