
Microsoft Visual Studio Solution File, Format Version 12.00
# Visual Studio Version 17
VisualStudioVersion = 17.9.34723.18
MinimumVisualStudioVersion = 10.0.40219.1
Project("{FAE04EC0-301F-11D3-BF4B-00C04F79EFBC}") = "OtoparkSistemi", "OtoparkSistemi\OtoparkSistemi.csproj", "{5C32F556-0D80-4470-86B0-264FBDBDACBF}"
EndProject
Global
	GlobalSection(SolutionConfigurationPlatforms) = preSolution
		Debug|Any CPU = Debug|Any CPU
		Release|Any CPU = Release|Any CPU
	EndGlobalSection
	GlobalSection(ProjectConfigurationPlatforms) = postSolution
		{5C32F556-0D80-4470-86B0-264FBDBDACBF}.Debug|Any CPU.ActiveCfg = Debug|Any CPU
		{5C32F556-0D80-4470-86B0-264FBDBDACBF}.Debug|Any CPU.Build.0 = Debug|Any CPU
		{5C32F556-0D80-4470-86B0-264FBDBDACBF}.Release|Any CPU.ActiveCfg = Release|Any CPU
		{5C32F556-0D80-4470-86B0-264FBDBDACBF}.Release|Any CPU.Build.0 = Release|Any CPU
	EndGlobalSection
	GlobalSection(SolutionProperties) = preSolution
		HideSolutionNode = FALSE
	EndGlobalSection
	GlobalSection(ExtensibilityGlobals) = postSolution
		SolutionGuid = {D6F3625C-1B26-4EB7-837F-794241A6C95D}
	EndGlobalSection
EndGlobal
